{
  "originHash" : "6ca6c36d2b4c34cda0074bd72227ee1d8ec742940a18c8fb5f7d75b1f460d508",
  "pins" : [
    {
      "identity" : "codescanner",
      "kind" : "remoteSourceControl",
      "location" : "https://github.com/twostraws/CodeScanner",
      "state" : {
        "revision" : "9fa582f4b36c69c2a55bff5fb3377eb170ae273c",
        "version" : "2.5.1"
      }
    },
    {
      "identity" : "swift-collections",
      "kind" : "remoteSourceControl",
      "location" : "https://github.com/apple/swift-collections.git",
      "state" : {
        "revision" : "671108c96644956dddcd89dd59c203dcdb36cec7",
        "version" : "1.1.4"
      }
    }
  ],
  "version" : 3
}
